
Microsoft Visual Studio Solution File, Format Version 12.00
# Visual Studio 2017
Project("{FAE04EC0-301F-11D3-BF4B-00C04F79EFBC}") = "QuizGameAT - Copy", "QuizGameAT - Copy.csproj", "{E5AD061A-A072-4563-8FB3-864E79C44E6F}"
EndProject
Project("{FAE04EC0-301F-11D3-BF4B-00C04F79EFBC}") = "QuizGameAT - Copy.Editor", "QuizGameAT - Copy.Editor.csproj", "{2D862E9A-60B5-9304-DCDD-89DB9AF9334A}"
EndProject
Global
	GlobalSection(SolutionConfigurationPlatforms) = preSolution
		Debug|Any CPU = Debug|Any CPU
		Release|Any CPU = Release|Any CPU
	EndGlobalSection
	GlobalSection(ProjectConfigurationPlatforms) = postSolution
		{E5AD061A-A072-4563-8FB3-864E79C44E6F}.Debug|Any CPU.ActiveCfg = Debug|Any CPU
		{E5AD061A-A072-4563-8FB3-864E79C44E6F}.Debug|Any CPU.Build.0 = Debug|Any CPU
		{E5AD061A-A072-4563-8FB3-864E79C44E6F}.Release|Any CPU.ActiveCfg = Release|Any CPU
		{E5AD061A-A072-4563-8FB3-864E79C44E6F}.Release|Any CPU.Build.0 = Release|Any CPU
		{2D862E9A-60B5-9304-DCDD-89DB9AF9334A}.Debug|Any CPU.ActiveCfg = Debug|Any CPU
		{2D862E9A-60B5-9304-DCDD-89DB9AF9334A}.Debug|Any CPU.Build.0 = Debug|Any CPU
		{2D862E9A-60B5-9304-DCDD-89DB9AF9334A}.Release|Any CPU.ActiveCfg = Release|Any CPU
		{2D862E9A-60B5-9304-DCDD-89DB9AF9334A}.Release|Any CPU.Build.0 = Release|Any CPU
	EndGlobalSection
	GlobalSection(SolutionProperties) = preSolution
		HideSolutionNode = FALSE
	EndGlobalSection
EndGlobal
